
Microsoft Visual Studio Solution File, Format Version 12.00
# Visual Studio Version 17
VisualStudioVersion = 17.10.35027.167
MinimumVisualStudioVersion = 10.0.40219.1
Project("{FAE04EC0-301F-11D3-BF4B-00C04F79EFBC}") = "MY_API", "MY_API.csproj", "{F5B25AD3-8B04-40B1-A660-E73632B7103B}"
EndProject
Global
	GlobalSection(SolutionConfigurationPlatforms) = preSolution
		Debug|Any CPU = Debug|Any CPU
		Release|Any CPU = Release|Any CPU
	EndGlobalSection
	GlobalSection(ProjectConfigurationPlatforms) = postSolution
		{F5B25AD3-8B04-40B1-A660-E73632B7103B}.Debug|Any CPU.ActiveCfg = Debug|Any CPU
		{F5B25AD3-8B04-40B1-A660-E73632B7103B}.Debug|Any CPU.Build.0 = Debug|Any CPU
		{F5B25AD3-8B04-40B1-A660-E73632B7103B}.Release|Any CPU.ActiveCfg = Release|Any CPU
		{F5B25AD3-8B04-40B1-A660-E73632B7103B}.Release|Any CPU.Build.0 = Release|Any CPU
	EndGlobalSection
	GlobalSection(SolutionProperties) = preSolution
		HideSolutionNode = FALSE
	EndGlobalSection
	GlobalSection(ExtensibilityGlobals) = postSolution
		SolutionGuid = {F7766446-FC1B-4648-95D8-A9D71984C14E}
	EndGlobalSection
EndGlobal
